// !$*UTF8*$!
{
	archiveVersion = 1;
	classes = {
	};
	objectVersion = 50;
	objects = {

/* Begin PBXBuildFile section */
		56CD0DE72506A8DD00B41580 /* AppDelegate.swift in Sources */ = {isa = PBXBuildFile; fileRef = 56CD0DE62506A8DD00B41580 /* AppDelegate.swift */; };
		56CD0DE92506A8DD00B41580 /* SceneDelegate.swift in Sources */ = {isa = PBXBuildFile; fileRef = 56CD0DE82506A8DD00B41580 /* SceneDelegate.swift */; };
		56CD0DEB2506A8DD00B41580 /* ViewController.swift in Sources */ = {isa = PBXBuildFile; fileRef = 56CD0DEA2506A8DD00B41580 /* ViewController.swift */; };
		56CD0DEE2506A8DD00B41580 /* Main.storyboard in Resources */ = {isa = PBXBuildFile; fileRef = 56CD0DEC2506A8DD00B41580 /* Main.storyboard */; };
		56CD0DF02506A8F300B41580 /* Assets.xcassets in Resources */ = {isa = PBXBuildFile; fileRef = 56CD0DEF2506A8F300B41580 /* Assets.xcassets */; };
		56CD0DF32506A8F300B41580 /* LaunchScreen.storyboard in Resources */ = {isa = PBXBuildFile; fileRef = 56CD0DF12506A8F300B41580 /* LaunchScreen.storyboard */; };
		56CD0DFE2506A8F600B41580 /* VolunteerAppTests.swift in Sources */ = {isa = PBXBuildFile; fileRef = 56CD0DFD2506A8F600B41580 /* VolunteerAppTests.swift */; };
		56CD0E092506A8F600B41580 /* VolunteerAppUITests.swift in Sources */ = {isa = PBXBuildFile; fileRef = 56CD0E082506A8F600B41580 /* VolunteerAppUITests.swift */; };
/* End PBXBuildFile section */

/* Begin PBXContainerItemProxy section */
		56CD0DFA2506A8F600B41580 /* PBXContainerItemProxy */ = {
			isa = PBXContainerItemProxy;
			containerPortal = 56CD0DDB2506A8DD00B41580 /* Project object */;
			proxyType = 1;
			remoteGlobalIDString = 56CD0DE22506A8DD00B41580;
			remoteInfo = VolunteerApp;
		};
		56CD0E052506A8F600B41580 /* PBXContainerItemProxy */ = {
			isa = PBXContainerItemProxy;
			containerPortal = 56CD0DDB2506A8DD00B41580 /* Project object */;
			proxyType = 1;
			remoteGlobalIDString = 56CD0DE22506A8DD00B41580;
			remoteInfo = VolunteerApp;
		};
/* End PBXContainerItemProxy section */

/* Begin PBXFileReference section */
		56CD0DE32506A8DD00B41580 /* VolunteerApp.app */ = {isa = PBXFileReference; explicitFileType = wrapper.application; includeInIndex = 0; path = VolunteerApp.app; sourceTree = BUILT_PRODUCTS_DIR; };
		56CD0DE62506A8DD00B41580 /* AppDelegate.swift */ = {isa = PBXFileReference; lastKnownFileType = sourcecode.swift; path = AppDelegate.swift; sourceTree = "<group>"; };
		56CD0DE82506A8DD00B41580 /* SceneDelegate.swift */ = {isa = PBXFileReference; lastKnownFileType = sourcecode.swift; path = SceneDelegate.swift; sourceTree = "<group>"; };
		56CD0DEA2506A8DD00B41580 /* ViewController.swift */ = {isa = PBXFileReference; lastKnownFileType = sourcecode.swift; path = ViewController.swift; sourceTree = "<group>"; };
		56CD0DED2506A8DD00B41580 /* Base */ = {isa = PBXFileReference; lastKnownFileType = file.storyboard; name = Base; path = Base.lproj/Main.storyboard; sourceTree = "<group>"; };
		56CD0DEF2506A8F300B41580 /* Assets.xcassets */ = {isa = PBXFileReference; lastKnownFileType = folder.assetcatalog; path = Assets.xcassets; sourceTree = "<group>"; };
		56CD0DF22506A8F300B41580 /* Base */ = {isa = PBXFileReference; lastKnownFileType = file.storyboard; name = Base; path = Base.lproj/LaunchScreen.storyboard; sourceTree = "<group>"; };
		56CD0DF42506A8F300B41580 /* Info.plist */ = {isa = PBXFileReference; lastKnownFileType = text.plist.xml; path = Info.plist; sourceTree = "<group>"; };
		56CD0DF92506A8F600B41580 /* VolunteerAppTests.xctest */ = {isa = PBXFileReference; explicitFileType = wrapper.cfbundle; includeInIndex = 0; path = VolunteerAppTests.xctest; sourceTree = BUILT_PRODUCTS_DIR; };
		56CD0DFD2506A8F600B41580 /* VolunteerAppTests.swift */ = {isa = PBXFileReference; lastKnownFileType = sourcecode.swift; path = VolunteerAppTests.swift; sourceTree = "<group>"; };
		56CD0DFF2506A8F600B41580 /* Info.plist */ = {isa = PBXFileReference; lastKnownFileType = text.plist.xml; path = Info.plist; sourceTree = "<group>"; };
		56CD0E042506A8F600B41580 /* VolunteerAppUITests.xctest */ = {isa = PBXFileReference; explicitFileType = wrapper.cfbundle; includeInIndex = 0; path = VolunteerAppUITests.xctest; sourceTree = BUILT_PRODUCTS_DIR; };
		56CD0E082506A8F600B41580 /* VolunteerAppUITests.swift */ = {isa = PBXFileReference; lastKnownFileType = sourcecode.swift; path = VolunteerAppUITests.swift; sourceTree = "<group>"; };
		56CD0E0A2506A8F600B41580 /* Info.plist */ = {isa = PBXFileReference; lastKnownFileType = text.plist.xml; path = Info.plist; sourceTree = "<group>"; };
/* End PBXFileReference section */

/* Begin PBXFrameworksBuildPhase section */
		56CD0DE02506A8DD00B41580 /* Frameworks */ = {
			isa = PBXFrameworksBuildPhase;
			buildActionMask = 2147483647;
			files = (
			);
			runOnlyForDeploymentPostprocessing = 0;
		};
		56CD0DF62506A8F600B41580 /* Frameworks */ = {
			isa = PBXFrameworksBuildPhase;
			buildActionMask = 2147483647;
			files = (
			);
			runOnlyForDeploymentPostprocessing = 0;
		};
		56CD0E012506A8F600B41580 /* Frameworks */ = {
			isa = PBXFrameworksBuildPhase;
			buildActionMask = 2147483647;
			files = (
			);
			runOnlyForDeploymentPostprocessing = 0;
		};
/* End PBXFrameworksBuildPhase section */

/* Begin PBXGroup section */
		56CD0DDA2506A8DD00B41580 = {
			isa = PBXGroup;
			children = (
				56CD0DE52506A8DD00B41580 /* VolunteerApp */,
				56CD0DFC2506A8F600B41580 /* VolunteerAppTests */,
				56CD0E072506A8F600B41580 /* VolunteerAppUITests */,
				56CD0DE42506A8DD00B41580 /* Products */,
			);
			sourceTree = "<group>";
		};
		56CD0DE42506A8DD00B41580 /* Products */ = {
			isa = PBXGroup;
			children = (
				56CD0DE32506A8DD00B41580 /* VolunteerApp.app */,
				56CD0DF92506A8F600B41580 /* VolunteerAppTests.xctest */,
				56CD0E042506A8F600B41580 /* VolunteerAppUITests.xctest */,
			);
			name = Products;
			sourceTree = "<group>";
		};
		56CD0DE52506A8DD00B41580 /* VolunteerApp */ = {
			isa = PBXGroup;
			children = (
				56CD0DE62506A8DD00B41580 /* AppDelegate.swift */,
				56CD0DE82506A8DD00B41580 /* SceneDelegate.swift */,
				56CD0DEA2506A8DD00B41580 /* ViewController.swift */,
				56CD0DEC2506A8DD00B41580 /* Main.storyboard */,
				56CD0DEF2506A8F300B41580 /* Assets.xcassets */,
				56CD0DF12506A8F300B41580 /* LaunchScreen.storyboard */,
				56CD0DF42506A8F300B41580 /* Info.plist */,
			);
			path = VolunteerApp;
			sourceTree = "<group>";
		};
		56CD0DFC2506A8F600B41580 /* VolunteerAppTests */ = {
			isa = PBXGroup;
			children = (
				56CD0DFD2506A8F600B41580 /* VolunteerAppTests.swift */,
				56CD0DFF2506A8F600B41580 /* Info.plist */,
			);
			path = VolunteerAppTests;
			sourceTree = "<group>";
		};
		56CD0E072506A8F600B41580 /* VolunteerAppUITests */ = {
			isa = PBXGroup;
			children = (
				56CD0E082506A8F600B41580 /* VolunteerAppUITests.swift */,
				56CD0E0A2506A8F600B41580 /* Info.plist */,
			);
			path = VolunteerAppUITests;
			sourceTree = "<group>";
		};
/* End PBXGroup section */

/* Begin PBXNativeTarget section */
		56CD0DE22506A8DD00B41580 /* VolunteerApp */ = {
			isa = PBXNativeTarget;
			buildConfigurationList = 56CD0E0D2506A8F600B41580 /* Build configuration list for PBXNativeTarget "VolunteerApp" */;
			buildPhases = (
				56CD0DDF2506A8DD00B41580 /* Sources */,
				56CD0DE02506A8DD00B41580 /* Frameworks */,
				56CD0DE12506A8DD00B41580 /* Resources */,
			);
			buildRules = (
			);
			dependencies = (
			);
			name = VolunteerApp;
			productName = VolunteerApp;
			productReference = 56CD0DE32506A8DD00B41580 /* VolunteerApp.app */;
			productType = "com.apple.product-type.application";
		};
		56CD0DF82506A8F600B41580 /* VolunteerAppTests */ = {
			isa = PBXNativeTarget;
			buildConfigurationList = 56CD0E102506A8F600B41580 /* Build configuration list for PBXNativeTarget "VolunteerAppTests" */;
			buildPhases = (
				56CD0DF52506A8F600B41580 /* Sources */,
				56CD0DF62506A8F600B41580 /* Frameworks */,
				56CD0DF72506A8F600B41580 /* Resources */,
			);
			buildRules = (
			);
			dependencies = (
				56CD0DFB2506A8F600B41580 /* PBXTargetDependency */,
			);
			name = VolunteerAppTests;
			productName = VolunteerAppTests;
			productReference = 56CD0DF92506A8F600B41580 /* VolunteerAppTests.xctest */;
			productType = "com.apple.product-type.bundle.unit-test";
		};
		56CD0E032506A8F600B41580 /* VolunteerAppUITests */ = {
			isa = PBXNativeTarget;
			buildConfigurationList = 56CD0E132506A8F600B41580 /* Build configuration list for PBXNativeTarget "VolunteerAppUITests" */;
			buildPhases = (
				56CD0E002506A8F600B41580 /* Sources */,
				56CD0E012506A8F600B41580 /* Frameworks */,
				56CD0E022506A8F600B41580 /* Resources */,
			);
			buildRules = (
			);
			dependencies = (
				56CD0E062506A8F600B41580 /* PBXTargetDependency */,
			);
			name = VolunteerAppUITests;
			productName = VolunteerAppUITests;
			productReference = 56CD0E042506A8F600B41580 /* VolunteerAppUITests.xctest */;
			productType = "com.apple.product-type.bundle.ui-testing";
		};
/* End PBXNativeTarget section */

/* Begin PBXProject section */
		56CD0DDB2506A8DD00B41580 /* Project object */ = {
			isa = PBXProject;
			attributes = {
				LastSwiftUpdateCheck = 1170;
				LastUpgradeCheck = 1170;
				ORGANIZATIONNAME = "Dylan Barker";
				TargetAttributes = {
					56CD0DE22506A8DD00B41580 = {
						CreatedOnToolsVersion = 11.7;
					};
					56CD0DF82506A8F600B41580 = {
						CreatedOnToolsVersion = 11.7;
						TestTargetID = 56CD0DE22506A8DD00B41580;
					};
					56CD0E032506A8F600B41580 = {
						CreatedOnToolsVersion = 11.7;
						TestTargetID = 56CD0DE22506A8DD00B41580;
					};
				};
			};
			buildConfigurationList = 56CD0DDE2506A8DD00B41580 /* Build configuration list for PBXProject "VolunteerApp" */;
			compatibilityVersion = "Xcode 9.3";
			developmentRegion = en;
			hasScannedForEncodings = 0;
			knownRegions = (
				en,
				Base,
			);
			mainGroup = 56CD0DDA2506A8DD00B41580;
			productRefGroup = 56CD0DE42506A8DD00B41580 /* Products */;
			projectDirPath = "";
			projectRoot = "";
			targets = (
				56CD0DE22506A8DD00B41580 /* VolunteerApp */,
				56CD0DF82506A8F600B41580 /* VolunteerAppTests */,
				56CD0E032506A8F600B41580 /* VolunteerAppUITests */,
			);
		};
/* End PBXProject section */

/* Begin PBXResourcesBuildPhase section */
		56CD0DE12506A8DD00B41580 /* Resources */ = {
			isa = PBXResourcesBuildPhase;
			buildActionMask = 2147483647;
			files = (
				56CD0DF32506A8F300B41580 /* LaunchScreen.storyboard in Resources */,
				56CD0DF02506A8F300B41580 /* Assets.xcassets in Resources */,
				56CD0DEE2506A8DD00B41580 /* Main.storyboard in Resources */,
			);
			runOnlyForDeploymentPostprocessing = 0;
		};
		56CD0DF72506A8F600B41580 /* Resources */ = {
			isa = PBXResourcesBuildPhase;
			buildActionMask = 2147483647;
			files = (
			);
			runOnlyForDeploymentPostprocessing = 0;
		};
		56CD0E022506A8F600B41580 /* Resources */ = {
			isa = PBXResourcesBuildPhase;
			buildActionMask = 2147483647;
			files = (
			);
			runOnlyForDeploymentPostprocessing = 0;
		};
/* End PBXResourcesBuildPhase section */

/* Begin PBXSourcesBuildPhase section */
		56CD0DDF2506A8DD00B41580 /* Sources */ = {
			isa = PBXSourcesBuildPhase;
			buildActionMask = 2147483647;
			files = (
				56CD0DEB2506A8DD00B41580 /* ViewController.swift in Sources */,
				56CD0DE72506A8DD00B41580 /* AppDelegate.swift in Sources */,
				56CD0DE92506A8DD00B41580 /* SceneDelegate.swift in Sources */,
			);
			runOnlyForDeploymentPostprocessing = 0;
		};
		56CD0DF52506A8F600B41580 /* Sources */ = {
			isa = PBXSourcesBuildPhase;
			buildActionMask = 2147483647;
			files = (
				56CD0DFE2506A8F600B41580 /* VolunteerAppTests.swift in Sources */,
			);
			runOnlyForDeploymentPostprocessing = 0;
		};
		56CD0E002506A8F600B41580 /* Sources */ = {
			isa = PBXSourcesBuildPhase;
			buildActionMask = 2147483647;
			files = (
				56CD0E092506A8F600B41580 /* VolunteerAppUITests.swift in Sources */,
			);
			runOnlyForDeploymentPostprocessing = 0;
		};
/* End PBXSourcesBuildPhase section */

/* Begin PBXTargetDependency section */
		56CD0DFB2506A8F600B41580 /* PBXTargetDependency */ = {
			isa = PBXTargetDependency;
			target = 56CD0DE22506A8DD00B41580 /* VolunteerApp */;
			targetProxy = 56CD0DFA2506A8F600B41580 /* PBXContainerItemProxy */;
		};
		56CD0E062506A8F600B41580 /* PBXTargetDependency */ = {
			isa = PBXTargetDependency;
			target = 56CD0DE22506A8DD00B41580 /* VolunteerApp */;
			targetProxy = 56CD0E052506A8F600B41580 /* PBXContainerItemProxy */;
		};
/* End PBXTargetDependency section */

/* Begin PBXVariantGroup section */
		56CD0DEC2506A8DD00B41580 /* Main.storyboard */ = {
			isa = PBXVariantGroup;
			children = (
				56CD0DED2506A8DD00B41580 /* Base */,
			);
			name = Main.storyboard;
			sourceTree = "<group>";
		};
		56CD0DF12506A8F300B41580 /* LaunchScreen.storyboard */ = {
			isa = PBXVariantGroup;
			children = (
				56CD0DF22506A8F300B41580 /* Base */,
			);
			name = LaunchScreen.storyboard;
			sourceTree = "<group>";
		};
/* End PBXVariantGroup section */

/* Begin XCBuildConfiguration section */
		56CD0E0B2506A8F600B41580 /* Debug */ = {
			isa = XCBuildConfiguration;
			buildSettings = {
				ALWAYS_SEARCH_USER_PATHS = NO;
				CLANG_ANALYZER_NONNULL = YES;
				CLANG_ANALYZER_NUMBER_OBJECT_CONVERSION = YES_AGGRESSIVE;
				CLANG_CXX_LANGUAGE_STANDARD = "gnu++14";
				CLANG_CXX_LIBRARY = "libc++";
				CLANG_ENABLE_MODULES = YES;
				CLANG_ENABLE_OBJC_ARC = YES;
				CLANG_ENABLE_OBJC_WEAK = YES;
				CLANG_WARN_BLOCK_CAPTURE_AUTORELEASING = YES;
				CLANG_WARN_BOOL_CONVERSION = YES;
				CLANG_WARN_COMMA = YES;
				CLANG_WARN_CONSTANT_CONVERSION = YES;
				CLANG_WARN_DEPRECATED_OBJC_IMPLEMENTATIONS = YES;
				CLANG_WARN_DIRECT_OBJC_ISA_USAGE = YES_ERROR;
				CLANG_WARN_DOCUMENTATION_COMMENTS = YES;
				CLANG_WARN_EMPTY_BODY = YES;
				CLANG_WARN_ENUM_CONVERSION = YES;
				CLANG_WARN_INFINITE_RECURSION = YES;
				CLANG_WARN_INT_CONVERSION = YES;
				CLANG_WARN_NON_LITERAL_NULL_CONVERSION = YES;
				CLANG_WARN_OBJC_IMPLICIT_RETAIN_SELF = YES;
				CLANG_WARN_OBJC_LITERAL_CONVERSION = YES;
				CLANG_WARN_OBJC_ROOT_CLASS = YES_ERROR;
				CLANG_WARN_RANGE_LOOP_ANALYSIS = YES;
				CLANG_WARN_STRICT_PROTOTYPES = YES;
				CLANG_WARN_SUSPICIOUS_MOVE = YES;
				CLANG_WARN_UNGUARDED_AVAILABILITY = YES_AGGRESSIVE;
				CLANG_WARN_UNREACHABLE_CODE = YES;
				CLANG_WARN__DUPLICATE_METHOD_MATCH = YES;
				COPY_PHASE_STRIP = NO;
				DEBUG_INFORMATION_FORMAT = dwarf;
				ENABLE_STRICT_OBJC_MSGSEND = YES;
				ENABLE_TESTABILITY = YES;
				GCC_C_LANGUAGE_STANDARD = gnu11;
				GCC_DYNAMIC_NO_PIC = NO;
				GCC_NO_COMMON_BLOCKS = YES;
				GCC_OPTIMIZATION_LEVEL = 0;
				GCC_PREPROCESSOR_DEFINITIONS = (
					"DEBUG=1",
					"$(inherited)",
				);
				GCC_WARN_64_TO_32_BIT_CONVERSION = YES;
				GCC_WARN_ABOUT_RETURN_TYPE = YES_ERROR;
				GCC_WARN_UNDECLARED_SELECTOR = YES;
				GCC_WARN_UNINITIALIZED_AUTOS = YES_AGGRESSIVE;
				GCC_WARN_UNUSED_FUNCTION = YES;
				GCC_WARN_UNUSED_VARIABLE = YES;
				IPHONEOS_DEPLOYMENT_TARGET = 13.7;
				MTL_ENABLE_DEBUG_INFO = INCLUDE_SOURCE;
				MTL_FAST_MATH = YES;
				ONLY_ACTIVE_ARCH = YES;
				SDKROOT = iphoneos;
				SWIFT_ACTIVE_COMPILATION_CONDITIONS = DEBUG;
				SWIFT_OPTIMIZATION_LEVEL = "-Onone";
			};
			name = Debug;
		};
		56CD0E0C2506A8F600B41580 /* Release */ = {
			isa = XCBuildConfiguration;
			buildSettings = {
				ALWAYS_SEARCH_USER_PATHS = NO;
				CLANG_ANALYZER_NONNULL = YES;
				CLANG_ANALYZER_NUMBER_OBJECT_CONVERSION = YES_AGGRESSIVE;
				CLANG_CXX_LANGUAGE_STANDARD = "gnu++14";
				CLANG_CXX_LIBRARY = "libc++";
				CLANG_ENABLE_MODULES = YES;
				CLANG_ENABLE_OBJC_ARC = YES;
				CLANG_ENABLE_OBJC_WEAK = YES;
				CLANG_WARN_BLOCK_CAPTURE_AUTORELEASING = YES;
				CLANG_WARN_BOOL_CONVERSION = YES;
				CLANG_WARN_COMMA = YES;
				CLANG_WARN_CONSTANT_CONVERSION = YES;
				CLANG_WARN_DEPRECATED_OBJC_IMPLEMENTATIONS = YES;
				CLANG_WARN_DIRECT_OBJC_ISA_USAGE = YES_ERROR;
				CLANG_WARN_DOCUMENTATION_COMMENTS = YES;
				CLANG_WARN_EMPTY_BODY = YES;
				CLANG_WARN_ENUM_CONVERSION = YES;
				CLANG_WARN_INFINITE_RECURSION = YES;
				CLANG_WARN_INT_CONVERSION = YES;
				CLANG_WARN_NON_LITERAL_NULL_CONVERSION = YES;
				CLANG_WARN_OBJC_IMPLICIT_RETAIN_SELF = YES;
				CLANG_WARN_OBJC_LITERAL_CONVERSION = YES;
				CLANG_WARN_OBJC_ROOT_CLASS = YES_ERROR;
				CLANG_WARN_RANGE_LOOP_ANALYSIS = YES;
				CLANG_WARN_STRICT_PROTOTYPES = YES;
				CLANG_WARN_SUSPICIOUS_MOVE = YES;
				CLANG_WARN_UNGUARDED_AVAILABILITY = YES_AGGRESSIVE;
				CLANG_WARN_UNREACHABLE_CODE = YES;
				CLANG_WARN__DUPLICATE_METHOD_MATCH = YES;
				COPY_PHASE_STRIP = NO;
				DEBUG_INFORMATION_FORMAT = "dwarf-with-dsym";
				ENABLE_NS_ASSERTIONS = NO;
				ENABLE_STRICT_OBJC_MSGSEND = YES;
				GCC_C_LANGUAGE_STANDARD = gnu11;
				GCC_NO_COMMON_BLOCKS = YES;
				GCC_WARN_64_TO_32_BIT_CONVERSION = YES;
				GCC_WARN_ABOUT_RETURN_TYPE = YES_ERROR;
				GCC_WARN_UNDECLARED_SELECTOR = YES;
				GCC_WARN_UNINITIALIZED_AUTOS = YES_AGGRESSIVE;
				GCC_WARN_UNUSED_FUNCTION = YES;
				GCC_WARN_UNUSED_VARIABLE = YES;
				IPHONEOS_DEPLOYMENT_TARGET = 13.7;
				MTL_ENABLE_DEBUG_INFO = NO;
				MTL_FAST_MATH = YES;
				SDKROOT = iphoneos;
				SWIFT_COMPILATION_MODE = wholemodule;
				SWIFT_OPTIMIZATION_LEVEL = "-O";
				VALIDATE_PRODUCT = YES;
			};
			name = Release;
		};
		56CD0E0E2506A8F600B41580 /* Debug */ = {
			isa = XCBuildConfiguration;
			buildSettings = {
				ASSETCATALOG_COMPILER_APPICON_NAME = AppIcon;
				CODE_SIGN_STYLE = Automatic;
				DEVELOPMENT_TEAM = A9PPPKAW5L;
				INFOPLIST_FILE = VolunteerApp/Info.plist;
				LD_RUNPATH_SEARCH_PATHS = (
					"$(inherited)",
					"@executable_path/Frameworks",
				);
				PRODUCT_BUNDLE_IDENTIFIER = com.DylanCodes.VolunteerApp;
				PRODUCT_NAME = "$(TARGET_NAME)";
				SWIFT_VERSION = 5.0;
				TARGETED_DEVICE_FAMILY = "1,2";
			};
			name = Debug;
		};
		56CD0E0F2506A8F600B41580 /* Release */ = {
			isa = XCBuildConfiguration;
			buildSettings = {
				ASSETCATALOG_COMPILER_APPICON_NAME = AppIcon;
				CODE_SIGN_STYLE = Automatic;
				DEVELOPMENT_TEAM = A9PPPKAW5L;
				INFOPLIST_FILE = VolunteerApp/Info.plist;
				LD_RUNPATH_SEARCH_PATHS = (
					"$(inherited)",
					"@executable_path/Frameworks",
				);
				PRODUCT_BUNDLE_IDENTIFIER = com.DylanCodes.VolunteerApp;
				PRODUCT_NAME = "$(TARGET_NAME)";
				SWIFT_VERSION = 5.0;
				TARGETED_DEVICE_FAMILY = "1,2";
			};
			name = Release;
		};
		56CD0E112506A8F600B41580 /* Debug */ = {
			isa = XCBuildConfiguration;
			buildSettings = {
				ALWAYS_EMBED_SWIFT_STANDARD_LIBRARIES = YES;
				BUNDLE_LOADER = "$(TEST_HOST)";
				CODE_SIGN_STYLE = Automatic;
				DEVELOPMENT_TEAM = A9PPPKAW5L;
				INFOPLIST_FILE = VolunteerAppTests/Info.plist;
				IPHONEOS_DEPLOYMENT_TARGET = 13.7;
				LD_RUNPATH_SEARCH_PATHS = (
					"$(inherited)",
					"@executable_path/Frameworks",
					"@loader_path/Frameworks",
				);
				PRODUCT_BUNDLE_IDENTIFIER = com.DylanCodes.VolunteerAppTests;
				PRODUCT_NAME = "$(TARGET_NAME)";
				SWIFT_VERSION = 5.0;
				TARGETED_DEVICE_FAMILY = "1,2";
				TEST_HOST = "$(BUILT_PRODUCTS_DIR)/VolunteerApp.app/VolunteerApp";
			};
			name = Debug;
		};
		56CD0E122506A8F600B41580 /* Release */ = {
			isa = XCBuildConfiguration;
			buildSettings = {
				ALWAYS_EMBED_SWIFT_STANDARD_LIBRARIES = YES;
				BUNDLE_LOADER = "$(TEST_HOST)";
				CODE_SIGN_STYLE = Automatic;
				DEVELOPMENT_TEAM = A9PPPKAW5L;
				INFOPLIST_FILE = VolunteerAppTests/Info.plist;
				IPHONEOS_DEPLOYMENT_TARGET = 13.7;
				LD_RUNPATH_SEARCH_PATHS = (
					"$(inherited)",
					"@executable_path/Frameworks",
					"@loader_path/Frameworks",
				);
				PRODUCT_BUNDLE_IDENTIFIER = com.DylanCodes.VolunteerAppTests;
				PRODUCT_NAME = "$(TARGET_NAME)";
				SWIFT_VERSION = 5.0;
				TARGETED_DEVICE_FAMILY = "1,2";
				TEST_HOST = "$(BUILT_PRODUCTS_DIR)/VolunteerApp.app/VolunteerApp";
			};
			name = Release;
		};
		56CD0E142506A8F600B41580 /* Debug */ = {
			isa = XCBuildConfiguration;
			buildSettings = {
				ALWAYS_EMBED_SWIFT_STANDARD_LIBRARIES = YES;
				CODE_SIGN_STYLE = Automatic;
				DEVELOPMENT_TEAM = A9PPPKAW5L;
				INFOPLIST_FILE = VolunteerAppUITests/Info.plist;
				LD_RUNPATH_SEARCH_PATHS = (
					"$(inherited)",
					"@executable_path/Frameworks",
					"@loader_path/Frameworks",
				);
				PRODUCT_BUNDLE_IDENTIFIER = com.DylanCodes.VolunteerAppUITests;
				PRODUCT_NAME = "$(TARGET_NAME)";
				SWIFT_VERSION = 5.0;
				TARGETED_DEVICE_FAMILY = "1,2";
				TEST_TARGET_NAME = VolunteerApp;
			};
			name = Debug;
		};
		56CD0E152506A8F600B41580 /* Release */ = {
			isa = XCBuildConfiguration;
			buildSettings = {
				ALWAYS_EMBED_SWIFT_STANDARD_LIBRARIES = YES;
				CODE_SIGN_STYLE = Automatic;
				DEVELOPMENT_TEAM = A9PPPKAW5L;
				INFOPLIST_FILE = VolunteerAppUITests/Info.plist;
				LD_RUNPATH_SEARCH_PATHS = (
					"$(inherited)",
					"@executable_path/Frameworks",
					"@loader_path/Frameworks",
				);
				PRODUCT_BUNDLE_IDENTIFIER = com.DylanCodes.VolunteerAppUITests;
				PRODUCT_NAME = "$(TARGET_NAME)";
				SWIFT_VERSION = 5.0;
				TARGETED_DEVICE_FAMILY = "1,2";
				TEST_TARGET_NAME = VolunteerApp;
			};
			name = Release;
		};
/* End XCBuildConfiguration section */

/* Begin XCConfigurationList section */
		56CD0DDE2506A8DD00B41580 /* Build configuration list for PBXProject "VolunteerApp" */ = {
			isa = XCConfigurationList;
			buildConfigurations = (
				56CD0E0B2506A8F600B41580 /* Debug */,
				56CD0E0C2506A8F600B41580 /* Release */,
			);
			defaultConfigurationIsVisible = 0;
			defaultConfigurationName = Release;
		};
		56CD0E0D2506A8F600B41580 /* Build configuration list for PBXNativeTarget "VolunteerApp" */ = {
			isa = XCConfigurationList;
			buildConfigurations = (
				56CD0E0E2506A8F600B41580 /* Debug */,
				56CD0E0F2506A8F600B41580 /* Release */,
			);
			defaultConfigurationIsVisible = 0;
			defaultConfigurationName = Release;
		};
		56CD0E102506A8F600B41580 /* Build configuration list for PBXNativeTarget "VolunteerAppTests" */ = {
			isa = XCConfigurationList;
			buildConfigurations = (
				56CD0E112506A8F600B41580 /* Debug */,
				56CD0E122506A8F600B41580 /* Release */,
			);
			defaultConfigurationIsVisible = 0;
			defaultConfigurationName = Release;
		};
		56CD0E132506A8F600B41580 /* Build configuration list for PBXNativeTarget "VolunteerAppUITests" */ = {
			isa = XCConfigurationList;
			buildConfigurations = (
				56CD0E142506A8F600B41580 /* Debug */,
				56CD0E152506A8F600B41580 /* Release */,
			);
			defaultConfigurationIsVisible = 0;
			defaultConfigurationName = Release;
		};
/* End XCConfigurationList section */
	};
	rootObject = 56CD0DDB2506A8DD00B41580 /* Project object */;
}
